// !$*UTF8*$!
{
	archiveVersion = 1;
	classes = {
	};
	objectVersion = 55;
	objects = {

/* Begin PBXBuildFile section */
		6E46692B2874B08300624DD7 /* AppDelegate.swift in Sources */ = {isa = PBXBuildFile; fileRef = 6E46692A2874B08300624DD7 /* AppDelegate.swift */; };
		6E46692D2874B08300624DD7 /* SceneDelegate.swift in Sources */ = {isa = PBXBuildFile; fileRef = 6E46692C2874B08300624DD7 /* SceneDelegate.swift */; };
		6E46692F2874B08300624DD7 /* FeaturedViewController.swift in Sources */ = {isa = PBXBuildFile; fileRef = 6E46692E2874B08300624DD7 /* FeaturedViewController.swift */; };
		6E4669322874B08300624DD7 /* Main.storyboard in Resources */ = {isa = PBXBuildFile; fileRef = 6E4669302874B08300624DD7 /* Main.storyboard */; };
		6E4669342874B08600624DD7 /* Assets.xcassets in Resources */ = {isa = PBXBuildFile; fileRef = 6E4669332874B08600624DD7 /* Assets.xcassets */; };
		6E4669372874B08700624DD7 /* LaunchScreen.storyboard in Resources */ = {isa = PBXBuildFile; fileRef = 6E4669352874B08700624DD7 /* LaunchScreen.storyboard */; };
		6EA057FE287DEE00003F3F4A /* Movie.swift in Sources */ = {isa = PBXBuildFile; fileRef = 6EA057FD287DEE00003F3F4A /* Movie.swift */; };
		6EA058DA287DF5C4003F3F4A /* Movie+NowPlaying.swift in Sources */ = {isa = PBXBuildFile; fileRef = 6EA058D5287DF5C4003F3F4A /* Movie+NowPlaying.swift */; };
		6EA058DB287DF5C4003F3F4A /* Movie+TrendingToday.swift in Sources */ = {isa = PBXBuildFile; fileRef = 6EA058D6287DF5C4003F3F4A /* Movie+TrendingToday.swift */; };
		6EA058DC287DF5C4003F3F4A /* Movie+Upcoming.swift in Sources */ = {isa = PBXBuildFile; fileRef = 6EA058D7287DF5C4003F3F4A /* Movie+Upcoming.swift */; };
		6EA058DD287DF5C4003F3F4A /* Movie+Popular.swift in Sources */ = {isa = PBXBuildFile; fileRef = 6EA058D8287DF5C4003F3F4A /* Movie+Popular.swift */; };
		6EA058DE287DF5C4003F3F4A /* Movie+TrendingThisWeek.swift in Sources */ = {isa = PBXBuildFile; fileRef = 6EA058D9287DF5C4003F3F4A /* Movie+TrendingThisWeek.swift */; };
		6EDCE4F9287C980800D9E746 /* PopularCollectionViewCell.swift in Sources */ = {isa = PBXBuildFile; fileRef = 6EDCE4F8287C980800D9E746 /* PopularCollectionViewCell.swift */; };
		6EDCE4FC287C9AA000D9E746 /* NowPlayingCollectionViewCell.swift in Sources */ = {isa = PBXBuildFile; fileRef = 6EDCE4FB287C9AA000D9E746 /* NowPlayingCollectionViewCell.swift */; };
/* End PBXBuildFile section */

/* Begin PBXFileReference section */
		6E4669272874B08300624DD7 /* Filmebrás.app */ = {isa = PBXFileReference; explicitFileType = wrapper.application; includeInIndex = 0; path = "Filmebrás.app"; sourceTree = BUILT_PRODUCTS_DIR; };
		6E46692A2874B08300624DD7 /* AppDelegate.swift */ = {isa = PBXFileReference; lastKnownFileType = sourcecode.swift; path = AppDelegate.swift; sourceTree = "<group>"; };
		6E46692C2874B08300624DD7 /* SceneDelegate.swift */ = {isa = PBXFileReference; lastKnownFileType = sourcecode.swift; path = SceneDelegate.swift; sourceTree = "<group>"; };
		6E46692E2874B08300624DD7 /* FeaturedViewController.swift */ = {isa = PBXFileReference; lastKnownFileType = sourcecode.swift; path = FeaturedViewController.swift; sourceTree = "<group>"; };
		6E4669312874B08300624DD7 /* Base */ = {isa = PBXFileReference; lastKnownFileType = file.storyboard; name = Base; path = Base.lproj/Main.storyboard; sourceTree = "<group>"; };
		6E4669332874B08600624DD7 /* Assets.xcassets */ = {isa = PBXFileReference; lastKnownFileType = folder.assetcatalog; path = Assets.xcassets; sourceTree = "<group>"; };
		6E4669362874B08700624DD7 /* Base */ = {isa = PBXFileReference; lastKnownFileType = file.storyboard; name = Base; path = Base.lproj/LaunchScreen.storyboard; sourceTree = "<group>"; };
		6E4669382874B08700624DD7 /* Info.plist */ = {isa = PBXFileReference; lastKnownFileType = text.plist.xml; path = Info.plist; sourceTree = "<group>"; };
		6EA057FD287DEE00003F3F4A /* Movie.swift */ = {isa = PBXFileReference; lastKnownFileType = sourcecode.swift; path = Movie.swift; sourceTree = "<group>"; };
		6EA058D5287DF5C4003F3F4A /* Movie+NowPlaying.swift */ = {isa = PBXFileReference; fileEncoding = 4; lastKnownFileType = sourcecode.swift; path = "Movie+NowPlaying.swift"; sourceTree = "<group>"; };
		6EA058D6287DF5C4003F3F4A /* Movie+TrendingToday.swift */ = {isa = PBXFileReference; fileEncoding = 4; lastKnownFileType = sourcecode.swift; path = "Movie+TrendingToday.swift"; sourceTree = "<group>"; };
		6EA058D7287DF5C4003F3F4A /* Movie+Upcoming.swift */ = {isa = PBXFileReference; fileEncoding = 4; lastKnownFileType = sourcecode.swift; path = "Movie+Upcoming.swift"; sourceTree = "<group>"; };
		6EA058D8287DF5C4003F3F4A /* Movie+Popular.swift */ = {isa = PBXFileReference; fileEncoding = 4; lastKnownFileType = sourcecode.swift; path = "Movie+Popular.swift"; sourceTree = "<group>"; };
		6EA058D9287DF5C4003F3F4A /* Movie+TrendingThisWeek.swift */ = {isa = PBXFileReference; fileEncoding = 4; lastKnownFileType = sourcecode.swift; path = "Movie+TrendingThisWeek.swift"; sourceTree = "<group>"; };
		6EDCE4F8287C980800D9E746 /* PopularCollectionViewCell.swift */ = {isa = PBXFileReference; lastKnownFileType = sourcecode.swift; path = PopularCollectionViewCell.swift; sourceTree = "<group>"; };
		6EDCE4FB287C9AA000D9E746 /* NowPlayingCollectionViewCell.swift */ = {isa = PBXFileReference; lastKnownFileType = sourcecode.swift; path = NowPlayingCollectionViewCell.swift; sourceTree = "<group>"; };
/* End PBXFileReference section */

/* Begin PBXFrameworksBuildPhase section */
		6E4669242874B08300624DD7 /* Frameworks */ = {
			isa = PBXFrameworksBuildPhase;
			buildActionMask = 2147483647;
			files = (
			);
			runOnlyForDeploymentPostprocessing = 0;
		};
/* End PBXFrameworksBuildPhase section */

/* Begin PBXGroup section */
		6E46691E2874B08300624DD7 = {
			isa = PBXGroup;
			children = (
				6E4669292874B08300624DD7 /* Filmebrás */,
				6E4669282874B08300624DD7 /* Products */,
			);
			sourceTree = "<group>";
		};
		6E4669282874B08300624DD7 /* Products */ = {
			isa = PBXGroup;
			children = (
				6E4669272874B08300624DD7 /* Filmebrás.app */,
			);
			name = Products;
			sourceTree = "<group>";
		};
		6E4669292874B08300624DD7 /* Filmebrás */ = {
			isa = PBXGroup;
			children = (
				6E46692A2874B08300624DD7 /* AppDelegate.swift */,
				6E46692C2874B08300624DD7 /* SceneDelegate.swift */,
				6EA057FC287DEDE7003F3F4A /* Models */,
				6EDCE4FD287C9AD500D9E746 /* View */,
				6EDCE4FA287C990400D9E746 /* Controllers */,
				6EDCE4FE287C9E1700D9E746 /* SupportingFiles */,
			);
			name = "Filmebrás";
			path = "Filmebrás";
			sourceTree = "<group>";
		};
		6EA057FC287DEDE7003F3F4A /* Models */ = {
			isa = PBXGroup;
			children = (
				6EA058D5287DF5C4003F3F4A /* Movie+NowPlaying.swift */,
				6EA058D8287DF5C4003F3F4A /* Movie+Popular.swift */,
				6EA058D9287DF5C4003F3F4A /* Movie+TrendingThisWeek.swift */,
				6EA058D6287DF5C4003F3F4A /* Movie+TrendingToday.swift */,
				6EA058D7287DF5C4003F3F4A /* Movie+Upcoming.swift */,
				6EA057FD287DEE00003F3F4A /* Movie.swift */,
			);
			path = Models;
			sourceTree = "<group>";
		};
		6EDCE4FA287C990400D9E746 /* Controllers */ = {
			isa = PBXGroup;
			children = (
				6E46692E2874B08300624DD7 /* FeaturedViewController.swift */,
			);
			path = Controllers;
			sourceTree = "<group>";
		};
		6EDCE4FD287C9AD500D9E746 /* View */ = {
			isa = PBXGroup;
			children = (
				6E4669302874B08300624DD7 /* Main.storyboard */,
				6E4669352874B08700624DD7 /* LaunchScreen.storyboard */,
				6EDCE4F8287C980800D9E746 /* PopularCollectionViewCell.swift */,
				6EDCE4FB287C9AA000D9E746 /* NowPlayingCollectionViewCell.swift */,
			);
			path = View;
			sourceTree = "<group>";
		};
		6EDCE4FE287C9E1700D9E746 /* SupportingFiles */ = {
			isa = PBXGroup;
			children = (
				6E4669332874B08600624DD7 /* Assets.xcassets */,
				6E4669382874B08700624DD7 /* Info.plist */,
			);
			name = SupportingFiles;
			sourceTree = "<group>";
		};
/* End PBXGroup section */

/* Begin PBXNativeTarget section */
		6E4669262874B08300624DD7 /* Filmebrás */ = {
			isa = PBXNativeTarget;
			buildConfigurationList = 6E46693B2874B08700624DD7 /* Build configuration list for PBXNativeTarget "Filmebrás" */;
			buildPhases = (
				6E4669232874B08300624DD7 /* Sources */,
				6E4669242874B08300624DD7 /* Frameworks */,
				6E4669252874B08300624DD7 /* Resources */,
			);
			buildRules = (
			);
			dependencies = (
			);
			name = "Filmebrás";
			productName = "Filmebrás";
			productReference = 6E4669272874B08300624DD7 /* Filmebrás.app */;
			productType = "com.apple.product-type.application";
		};
/* End PBXNativeTarget section */

/* Begin PBXProject section */
		6E46691F2874B08300624DD7 /* Project object */ = {
			isa = PBXProject;
			attributes = {
				BuildIndependentTargetsInParallel = 1;
				LastSwiftUpdateCheck = 1340;
				LastUpgradeCheck = 1340;
				TargetAttributes = {
					6E4669262874B08300624DD7 = {
						CreatedOnToolsVersion = 13.4.1;
					};
				};
			};
			buildConfigurationList = 6E4669222874B08300624DD7 /* Build configuration list for PBXProject "Filmebrás" */;
			compatibilityVersion = "Xcode 13.0";
			developmentRegion = en;
			hasScannedForEncodings = 0;
			knownRegions = (
				en,
				Base,
			);
			mainGroup = 6E46691E2874B08300624DD7;
			productRefGroup = 6E4669282874B08300624DD7 /* Products */;
			projectDirPath = "";
			projectRoot = "";
			targets = (
				6E4669262874B08300624DD7 /* Filmebrás */,
			);
		};
/* End PBXProject section */

/* Begin PBXResourcesBuildPhase section */
		6E4669252874B08300624DD7 /* Resources */ = {
			isa = PBXResourcesBuildPhase;
			buildActionMask = 2147483647;
			files = (
				6E4669372874B08700624DD7 /* LaunchScreen.storyboard in Resources */,
				6E4669342874B08600624DD7 /* Assets.xcassets in Resources */,
				6E4669322874B08300624DD7 /* Main.storyboard in Resources */,
			);
			runOnlyForDeploymentPostprocessing = 0;
		};
/* End PBXResourcesBuildPhase section */

/* Begin PBXSourcesBuildPhase section */
		6E4669232874B08300624DD7 /* Sources */ = {
			isa = PBXSourcesBuildPhase;
			buildActionMask = 2147483647;
			files = (
				6EDCE4FC287C9AA000D9E746 /* NowPlayingCollectionViewCell.swift in Sources */,
				6EA058DE287DF5C4003F3F4A /* Movie+TrendingThisWeek.swift in Sources */,
				6EA057FE287DEE00003F3F4A /* Movie.swift in Sources */,
				6EDCE4F9287C980800D9E746 /* PopularCollectionViewCell.swift in Sources */,
				6EA058DB287DF5C4003F3F4A /* Movie+TrendingToday.swift in Sources */,
				6E46692F2874B08300624DD7 /* FeaturedViewController.swift in Sources */,
				6E46692B2874B08300624DD7 /* AppDelegate.swift in Sources */,
				6EA058DD287DF5C4003F3F4A /* Movie+Popular.swift in Sources */,
				6EA058DA287DF5C4003F3F4A /* Movie+NowPlaying.swift in Sources */,
				6EA058DC287DF5C4003F3F4A /* Movie+Upcoming.swift in Sources */,
				6E46692D2874B08300624DD7 /* SceneDelegate.swift in Sources */,
			);
			runOnlyForDeploymentPostprocessing = 0;
		};
/* End PBXSourcesBuildPhase section */

/* Begin PBXVariantGroup section */
		6E4669302874B08300624DD7 /* Main.storyboard */ = {
			isa = PBXVariantGroup;
			children = (
				6E4669312874B08300624DD7 /* Base */,
			);
			name = Main.storyboard;
			sourceTree = "<group>";
		};
		6E4669352874B08700624DD7 /* LaunchScreen.storyboard */ = {
			isa = PBXVariantGroup;
			children = (
				6E4669362874B08700624DD7 /* Base */,
			);
			name = LaunchScreen.storyboard;
			sourceTree = "<group>";
		};
/* End PBXVariantGroup section */

/* Begin XCBuildConfiguration section */
		6E4669392874B08700624DD7 /* Debug */ = {
			isa = XCBuildConfiguration;
			buildSettings = {
				ALWAYS_SEARCH_USER_PATHS = NO;
				CLANG_ANALYZER_NONNULL = YES;
				CLANG_ANALYZER_NUMBER_OBJECT_CONVERSION = YES_AGGRESSIVE;
				CLANG_CXX_LANGUAGE_STANDARD = "gnu++17";
				CLANG_ENABLE_MODULES = YES;
				CLANG_ENABLE_OBJC_ARC = YES;
				CLANG_ENABLE_OBJC_WEAK = YES;
				CLANG_WARN_BLOCK_CAPTURE_AUTORELEASING = YES;
				CLANG_WARN_BOOL_CONVERSION = YES;
				CLANG_WARN_COMMA = YES;
				CLANG_WARN_CONSTANT_CONVERSION = YES;
				CLANG_WARN_DEPRECATED_OBJC_IMPLEMENTATIONS = YES;
				CLANG_WARN_DIRECT_OBJC_ISA_USAGE = YES_ERROR;
				CLANG_WARN_DOCUMENTATION_COMMENTS = YES;
				CLANG_WARN_EMPTY_BODY = YES;
				CLANG_WARN_ENUM_CONVERSION = YES;
				CLANG_WARN_INFINITE_RECURSION = YES;
				CLANG_WARN_INT_CONVERSION = YES;
				CLANG_WARN_NON_LITERAL_NULL_CONVERSION = YES;
				CLANG_WARN_OBJC_IMPLICIT_RETAIN_SELF = YES;
				CLANG_WARN_OBJC_LITERAL_CONVERSION = YES;
				CLANG_WARN_OBJC_ROOT_CLASS = YES_ERROR;
				CLANG_WARN_QUOTED_INCLUDE_IN_FRAMEWORK_HEADER = YES;
				CLANG_WARN_RANGE_LOOP_ANALYSIS = YES;
				CLANG_WARN_STRICT_PROTOTYPES = YES;
				CLANG_WARN_SUSPICIOUS_MOVE = YES;
				CLANG_WARN_UNGUARDED_AVAILABILITY = YES_AGGRESSIVE;
				CLANG_WARN_UNREACHABLE_CODE = YES;
				CLANG_WARN__DUPLICATE_METHOD_MATCH = YES;
				COPY_PHASE_STRIP = NO;
				DEBUG_INFORMATION_FORMAT = dwarf;
				ENABLE_STRICT_OBJC_MSGSEND = YES;
				ENABLE_TESTABILITY = YES;
				GCC_C_LANGUAGE_STANDARD = gnu11;
				GCC_DYNAMIC_NO_PIC = NO;
				GCC_NO_COMMON_BLOCKS = YES;
				GCC_OPTIMIZATION_LEVEL = 0;
				GCC_PREPROCESSOR_DEFINITIONS = (
					"DEBUG=1",
					"$(inherited)",
				);
				GCC_WARN_64_TO_32_BIT_CONVERSION = YES;
				GCC_WARN_ABOUT_RETURN_TYPE = YES_ERROR;
				GCC_WARN_UNDECLARED_SELECTOR = YES;
				GCC_WARN_UNINITIALIZED_AUTOS = YES_AGGRESSIVE;
				GCC_WARN_UNUSED_FUNCTION = YES;
				GCC_WARN_UNUSED_VARIABLE = YES;
				IPHONEOS_DEPLOYMENT_TARGET = 15.5;
				MTL_ENABLE_DEBUG_INFO = INCLUDE_SOURCE;
				MTL_FAST_MATH = YES;
				ONLY_ACTIVE_ARCH = YES;
				SDKROOT = iphoneos;
				SWIFT_ACTIVE_COMPILATION_CONDITIONS = DEBUG;
				SWIFT_OPTIMIZATION_LEVEL = "-Onone";
			};
			name = Debug;
		};
		6E46693A2874B08700624DD7 /* Release */ = {
			isa = XCBuildConfiguration;
			buildSettings = {
				ALWAYS_SEARCH_USER_PATHS = NO;
				CLANG_ANALYZER_NONNULL = YES;
				CLANG_ANALYZER_NUMBER_OBJECT_CONVERSION = YES_AGGRESSIVE;
				CLANG_CXX_LANGUAGE_STANDARD = "gnu++17";
				CLANG_ENABLE_MODULES = YES;
				CLANG_ENABLE_OBJC_ARC = YES;
				CLANG_ENABLE_OBJC_WEAK = YES;
				CLANG_WARN_BLOCK_CAPTURE_AUTORELEASING = YES;
				CLANG_WARN_BOOL_CONVERSION = YES;
				CLANG_WARN_COMMA = YES;
				CLANG_WARN_CONSTANT_CONVERSION = YES;
				CLANG_WARN_DEPRECATED_OBJC_IMPLEMENTATIONS = YES;
				CLANG_WARN_DIRECT_OBJC_ISA_USAGE = YES_ERROR;
				CLANG_WARN_DOCUMENTATION_COMMENTS = YES;
				CLANG_WARN_EMPTY_BODY = YES;
				CLANG_WARN_ENUM_CONVERSION = YES;
				CLANG_WARN_INFINITE_RECURSION = YES;
				CLANG_WARN_INT_CONVERSION = YES;
				CLANG_WARN_NON_LITERAL_NULL_CONVERSION = YES;
				CLANG_WARN_OBJC_IMPLICIT_RETAIN_SELF = YES;
				CLANG_WARN_OBJC_LITERAL_CONVERSION = YES;
				CLANG_WARN_OBJC_ROOT_CLASS = YES_ERROR;
				CLANG_WARN_QUOTED_INCLUDE_IN_FRAMEWORK_HEADER = YES;
				CLANG_WARN_RANGE_LOOP_ANALYSIS = YES;
				CLANG_WARN_STRICT_PROTOTYPES = YES;
				CLANG_WARN_SUSPICIOUS_MOVE = YES;
				CLANG_WARN_UNGUARDED_AVAILABILITY = YES_AGGRESSIVE;
				CLANG_WARN_UNREACHABLE_CODE = YES;
				CLANG_WARN__DUPLICATE_METHOD_MATCH = YES;
				COPY_PHASE_STRIP = NO;
				DEBUG_INFORMATION_FORMAT = "dwarf-with-dsym";
				ENABLE_NS_ASSERTIONS = NO;
				ENABLE_STRICT_OBJC_MSGSEND = YES;
				GCC_C_LANGUAGE_STANDARD = gnu11;
				GCC_NO_COMMON_BLOCKS = YES;
				GCC_WARN_64_TO_32_BIT_CONVERSION = YES;
				GCC_WARN_ABOUT_RETURN_TYPE = YES_ERROR;
				GCC_WARN_UNDECLARED_SELECTOR = YES;
				GCC_WARN_UNINITIALIZED_AUTOS = YES_AGGRESSIVE;
				GCC_WARN_UNUSED_FUNCTION = YES;
				GCC_WARN_UNUSED_VARIABLE = YES;
				IPHONEOS_DEPLOYMENT_TARGET = 15.5;
				MTL_ENABLE_DEBUG_INFO = NO;
				MTL_FAST_MATH = YES;
				SDKROOT = iphoneos;
				SWIFT_COMPILATION_MODE = wholemodule;
				SWIFT_OPTIMIZATION_LEVEL = "-O";
				VALIDATE_PRODUCT = YES;
			};
			name = Release;
		};
		6E46693C2874B08700624DD7 /* Debug */ = {
			isa = XCBuildConfiguration;
			buildSettings = {
				ASSETCATALOG_COMPILER_APPICON_NAME = AppIcon;
				ASSETCATALOG_COMPILER_GLOBAL_ACCENT_COLOR_NAME = AccentColor;
				CODE_SIGN_STYLE = Automatic;
				CURRENT_PROJECT_VERSION = 1;
				DEVELOPMENT_TEAM = 275GWT29UT;
				GENERATE_INFOPLIST_FILE = YES;
				INFOPLIST_FILE = "Filmebrás/Info.plist";
				INFOPLIST_KEY_UIApplicationSupportsIndirectInputEvents = YES;
				INFOPLIST_KEY_UILaunchStoryboardName = LaunchScreen;
				INFOPLIST_KEY_UIMainStoryboardFile = Main;
				INFOPLIST_KEY_UISupportedInterfaceOrientations_iPad = "UIInterfaceOrientationPortrait UIInterfaceOrientationPortraitUpsideDown UIInterfaceOrientationLandscapeLeft UIInterfaceOrientationLandscapeRight";
				INFOPLIST_KEY_UISupportedInterfaceOrientations_iPhone = "UIInterfaceOrientationPortrait UIInterfaceOrientationLandscapeLeft UIInterfaceOrientationLandscapeRight";
				LD_RUNPATH_SEARCH_PATHS = (
					"$(inherited)",
					"@executable_path/Frameworks",
				);
				MARKETING_VERSION = 1.0;
				PRODUCT_BUNDLE_IDENTIFIER = "br.ufpe.cin.academy.egln.Filmebra-s";
				PRODUCT_NAME = "$(TARGET_NAME)";
				SWIFT_EMIT_LOC_STRINGS = YES;
				SWIFT_VERSION = 5.0;
				TARGETED_DEVICE_FAMILY = "1,2";
			};
			name = Debug;
		};
		6E46693D2874B08700624DD7 /* Release */ = {
			isa = XCBuildConfiguration;
			buildSettings = {
				ASSETCATALOG_COMPILER_APPICON_NAME = AppIcon;
				ASSETCATALOG_COMPILER_GLOBAL_ACCENT_COLOR_NAME = AccentColor;
				CODE_SIGN_STYLE = Automatic;
				CURRENT_PROJECT_VERSION = 1;
				DEVELOPMENT_TEAM = 275GWT29UT;
				GENERATE_INFOPLIST_FILE = YES;
				INFOPLIST_FILE = "Filmebrás/Info.plist";
				INFOPLIST_KEY_UIApplicationSupportsIndirectInputEvents = YES;
				INFOPLIST_KEY_UILaunchStoryboardName = LaunchScreen;
				INFOPLIST_KEY_UIMainStoryboardFile = Main;
				INFOPLIST_KEY_UISupportedInterfaceOrientations_iPad = "UIInterfaceOrientationPortrait UIInterfaceOrientationPortraitUpsideDown UIInterfaceOrientationLandscapeLeft UIInterfaceOrientationLandscapeRight";
				INFOPLIST_KEY_UISupportedInterfaceOrientations_iPhone = "UIInterfaceOrientationPortrait UIInterfaceOrientationLandscapeLeft UIInterfaceOrientationLandscapeRight";
				LD_RUNPATH_SEARCH_PATHS = (
					"$(inherited)",
					"@executable_path/Frameworks",
				);
				MARKETING_VERSION = 1.0;
				PRODUCT_BUNDLE_IDENTIFIER = "br.ufpe.cin.academy.egln.Filmebra-s";
				PRODUCT_NAME = "$(TARGET_NAME)";
				SWIFT_EMIT_LOC_STRINGS = YES;
				SWIFT_VERSION = 5.0;
				TARGETED_DEVICE_FAMILY = "1,2";
			};
			name = Release;
		};
/* End XCBuildConfiguration section */

/* Begin XCConfigurationList section */
		6E4669222874B08300624DD7 /* Build configuration list for PBXProject "Filmebrás" */ = {
			isa = XCConfigurationList;
			buildConfigurations = (
				6E4669392874B08700624DD7 /* Debug */,
				6E46693A2874B08700624DD7 /* Release */,
			);
			defaultConfigurationIsVisible = 0;
			defaultConfigurationName = Release;
		};
		6E46693B2874B08700624DD7 /* Build configuration list for PBXNativeTarget "Filmebrás" */ = {
			isa = XCConfigurationList;
			buildConfigurations = (
				6E46693C2874B08700624DD7 /* Debug */,
				6E46693D2874B08700624DD7 /* Release */,
			);
			defaultConfigurationIsVisible = 0;
			defaultConfigurationName = Release;
		};
/* End XCConfigurationList section */
	};
	rootObject = 6E46691F2874B08300624DD7 /* Project object */;
}
